
Microsoft Visual Studio Solution File, Format Version 12.00
# Visual Studio Version 17
VisualStudioVersion = 17.0.31903.59
MinimumVisualStudioVersion = 10.0.40219.1
Project("{FAE04EC0-301F-11D3-BF4B-00C04F79EFBC}") = "API", "API\API.csproj", "{9C8D14D5-06B4-4F07-BC08-A1FB54D854BD}"
EndProject
Project("{FAE04EC0-301F-11D3-BF4B-00C04F79EFBC}") = "Application", "Application\Application.csproj", "{66BFD5C4-9D49-4BF4-A438-8FA92E6CC0F8}"
EndProject
Project("{FAE04EC0-301F-11D3-BF4B-00C04F79EFBC}") = "Domain", "Domain\Domain.csproj", "{D8069FA6-571A-4238-97FE-2A063734A561}"
EndProject
Project("{FAE04EC0-301F-11D3-BF4B-00C04F79EFBC}") = "Persistence", "Persistence\Persistence.csproj", "{090D6CBD-8746-4968-936E-44E0EA165A31}"
EndProject
Global
	GlobalSection(SolutionConfigurationPlatforms) = preSolution
		Debug|Any CPU = Debug|Any CPU
		Release|Any CPU = Release|Any CPU
	EndGlobalSection
	GlobalSection(SolutionProperties) = preSolution
		HideSolutionNode = FALSE
	EndGlobalSection
	GlobalSection(ProjectConfigurationPlatforms) = postSolution
		{9C8D14D5-06B4-4F07-BC08-A1FB54D854BD}.Debug|Any CPU.ActiveCfg = Debug|Any CPU
		{9C8D14D5-06B4-4F07-BC08-A1FB54D854BD}.Debug|Any CPU.Build.0 = Debug|Any CPU
		{9C8D14D5-06B4-4F07-BC08-A1FB54D854BD}.Release|Any CPU.ActiveCfg = Release|Any CPU
		{9C8D14D5-06B4-4F07-BC08-A1FB54D854BD}.Release|Any CPU.Build.0 = Release|Any CPU
		{66BFD5C4-9D49-4BF4-A438-8FA92E6CC0F8}.Debug|Any CPU.ActiveCfg = Debug|Any CPU
		{66BFD5C4-9D49-4BF4-A438-8FA92E6CC0F8}.Debug|Any CPU.Build.0 = Debug|Any CPU
		{66BFD5C4-9D49-4BF4-A438-8FA92E6CC0F8}.Release|Any CPU.ActiveCfg = Release|Any CPU
		{66BFD5C4-9D49-4BF4-A438-8FA92E6CC0F8}.Release|Any CPU.Build.0 = Release|Any CPU
		{D8069FA6-571A-4238-97FE-2A063734A561}.Debug|Any CPU.ActiveCfg = Debug|Any CPU
		{D8069FA6-571A-4238-97FE-2A063734A561}.Debug|Any CPU.Build.0 = Debug|Any CPU
		{D8069FA6-571A-4238-97FE-2A063734A561}.Release|Any CPU.ActiveCfg = Release|Any CPU
		{D8069FA6-571A-4238-97FE-2A063734A561}.Release|Any CPU.Build.0 = Release|Any CPU
		{090D6CBD-8746-4968-936E-44E0EA165A31}.Debug|Any CPU.ActiveCfg = Debug|Any CPU
		{090D6CBD-8746-4968-936E-44E0EA165A31}.Debug|Any CPU.Build.0 = Debug|Any CPU
		{090D6CBD-8746-4968-936E-44E0EA165A31}.Release|Any CPU.ActiveCfg = Release|Any CPU
		{090D6CBD-8746-4968-936E-44E0EA165A31}.Release|Any CPU.Build.0 = Release|Any CPU
	EndGlobalSection
EndGlobal
